
Microsoft Visual Studio Solution File, Format Version 12.00
# Visual Studio Version 16
VisualStudioVersion = 16.0.31515.178
MinimumVisualStudioVersion = 10.0.40219.1
Project("{9A19103F-16F7-4668-BE54-9A1E7A4F7556}") = "ECommerce", "ECommerce\ECommerce.csproj", "{5D38F4F7-165E-4455-A474-3C6371ED1A9B}"
EndProject
Project("{9A19103F-16F7-4668-BE54-9A1E7A4F7556}") = "ECommmerce.Service", "ECommmerce.Service\ECommmerce.Service.csproj", "{47EE8841-193B-43BA-9124-BD9E86F80798}"
EndProject
Project("{9A19103F-16F7-4668-BE54-9A1E7A4F7556}") = "ECommmerce.Entities", "ECommerce.Entities\ECommmerce.Entities.csproj", "{15102151-ECC2-40E4-B2CB-07E64E77AED8}"
EndProject
Project("{FAE04EC0-301F-11D3-BF4B-00C04F79EFBC}") = "ECommerce.Data", "ECommerce.Data\ECommerce.Data.csproj", "{F6FB7B0A-DD81-476B-880F-682222B9EBB0}"
EndProject
Global
	GlobalSection(SolutionConfigurationPlatforms) = preSolution
		Debug|Any CPU = Debug|Any CPU
		Release|Any CPU = Release|Any CPU
	EndGlobalSection
	GlobalSection(ProjectConfigurationPlatforms) = postSolution
		{5D38F4F7-165E-4455-A474-3C6371ED1A9B}.Debug|Any CPU.ActiveCfg = Debug|Any CPU
		{5D38F4F7-165E-4455-A474-3C6371ED1A9B}.Debug|Any CPU.Build.0 = Debug|Any CPU
		{5D38F4F7-165E-4455-A474-3C6371ED1A9B}.Release|Any CPU.ActiveCfg = Release|Any CPU
		{5D38F4F7-165E-4455-A474-3C6371ED1A9B}.Release|Any CPU.Build.0 = Release|Any CPU
		{47EE8841-193B-43BA-9124-BD9E86F80798}.Debug|Any CPU.ActiveCfg = Debug|Any CPU
		{47EE8841-193B-43BA-9124-BD9E86F80798}.Debug|Any CPU.Build.0 = Debug|Any CPU
		{47EE8841-193B-43BA-9124-BD9E86F80798}.Release|Any CPU.ActiveCfg = Release|Any CPU
		{47EE8841-193B-43BA-9124-BD9E86F80798}.Release|Any CPU.Build.0 = Release|Any CPU
		{15102151-ECC2-40E4-B2CB-07E64E77AED8}.Debug|Any CPU.ActiveCfg = Debug|Any CPU
		{15102151-ECC2-40E4-B2CB-07E64E77AED8}.Debug|Any CPU.Build.0 = Debug|Any CPU
		{15102151-ECC2-40E4-B2CB-07E64E77AED8}.Release|Any CPU.ActiveCfg = Release|Any CPU
		{15102151-ECC2-40E4-B2CB-07E64E77AED8}.Release|Any CPU.Build.0 = Release|Any CPU
		{F6FB7B0A-DD81-476B-880F-682222B9EBB0}.Debug|Any CPU.ActiveCfg = Debug|Any CPU
		{F6FB7B0A-DD81-476B-880F-682222B9EBB0}.Debug|Any CPU.Build.0 = Debug|Any CPU
		{F6FB7B0A-DD81-476B-880F-682222B9EBB0}.Release|Any CPU.ActiveCfg = Release|Any CPU
		{F6FB7B0A-DD81-476B-880F-682222B9EBB0}.Release|Any CPU.Build.0 = Release|Any CPU
	EndGlobalSection
	GlobalSection(SolutionProperties) = preSolution
		HideSolutionNode = FALSE
	EndGlobalSection
	GlobalSection(ExtensibilityGlobals) = postSolution
		SolutionGuid = {7BAE3D18-08BE-499F-94A2-C6FA1E73C905}
	EndGlobalSection
EndGlobal
